
Microsoft Visual Studio Solution File, Format Version 12.00
# Visual Studio 15
VisualStudioVersion = 15.0.28307.136
MinimumVisualStudioVersion = 10.0.40219.1
Project("{2150E333-8FDC-42A3-9474-1A3956D46DE8}") = "Sdk4me", "Sdk4me", "{8A9AA755-11EF-4DF8-98AA-A9599C090585}"
	ProjectSection(SolutionItems) = preProject
		Sdk4me\Newtonsoft.Json.dll = Sdk4me\Newtonsoft.Json.dll
		Sdk4me\Sdk4me.dll = Sdk4me\Sdk4me.dll
	EndProjectSection
EndProject
Project("{9A19103F-16F7-4668-BE54-9A1E7A4F7556}") = "Configuration Item", "Configuration Item\Configuration Item.csproj", "{7C50640D-794B-43BF-80F8-15E4F7772B05}"
EndProject
Project("{9A19103F-16F7-4668-BE54-9A1E7A4F7556}") = "People", "People\People.csproj", "{E5E95C33-8305-45E4-9866-743A0CA57F82}"
EndProject
Project("{F184B08F-C81C-45F6-A57F-5ABD9991F28F}") = "Request", "Request\Request.vbproj", "{1063D305-94A2-4FFD-B3CA-1033AD8B737B}"
EndProject
Global
	GlobalSection(SolutionConfigurationPlatforms) = preSolution
		Debug|Any CPU = Debug|Any CPU
		Release|Any CPU = Release|Any CPU
	EndGlobalSection
	GlobalSection(ProjectConfigurationPlatforms) = postSolution
		{7C50640D-794B-43BF-80F8-15E4F7772B05}.Debug|Any CPU.ActiveCfg = Debug|Any CPU
		{7C50640D-794B-43BF-80F8-15E4F7772B05}.Debug|Any CPU.Build.0 = Debug|Any CPU
		{7C50640D-794B-43BF-80F8-15E4F7772B05}.Release|Any CPU.ActiveCfg = Release|Any CPU
		{7C50640D-794B-43BF-80F8-15E4F7772B05}.Release|Any CPU.Build.0 = Release|Any CPU
		{E5E95C33-8305-45E4-9866-743A0CA57F82}.Debug|Any CPU.ActiveCfg = Debug|Any CPU
		{E5E95C33-8305-45E4-9866-743A0CA57F82}.Debug|Any CPU.Build.0 = Debug|Any CPU
		{E5E95C33-8305-45E4-9866-743A0CA57F82}.Release|Any CPU.ActiveCfg = Release|Any CPU
		{E5E95C33-8305-45E4-9866-743A0CA57F82}.Release|Any CPU.Build.0 = Release|Any CPU
		{1063D305-94A2-4FFD-B3CA-1033AD8B737B}.Debug|Any CPU.ActiveCfg = Debug|Any CPU
		{1063D305-94A2-4FFD-B3CA-1033AD8B737B}.Debug|Any CPU.Build.0 = Debug|Any CPU
		{1063D305-94A2-4FFD-B3CA-1033AD8B737B}.Release|Any CPU.ActiveCfg = Release|Any CPU
		{1063D305-94A2-4FFD-B3CA-1033AD8B737B}.Release|Any CPU.Build.0 = Release|Any CPU
	EndGlobalSection
	GlobalSection(SolutionProperties) = preSolution
		HideSolutionNode = FALSE
	EndGlobalSection
	GlobalSection(ExtensibilityGlobals) = postSolution
		SolutionGuid = {E41A191D-7D12-42FF-909F-7AEE40184BAA}
	EndGlobalSection
EndGlobal
