
Microsoft Visual Studio Solution File, Format Version 12.00
# Visual Studio Version 17
VisualStudioVersion = 17.1.32319.34
MinimumVisualStudioVersion = 10.0.40219.1
Project("{9A19103F-16F7-4668-BE54-9A1E7A4F7556}") = "Sdk4me", "Sdk4me\Sdk4me.csproj", "{A9A346A2-899B-4997-A5F6-8D1DA96C3CB8}"
EndProject
Project("{2150E333-8FDC-42A3-9474-1A3956D46DE8}") = "Solution Items", "Solution Items", "{EE40ED42-9D9F-41BC-BDCF-FD6CD56B6DD5}"
	ProjectSection(SolutionItems) = preProject
		.editorconfig = .editorconfig
	EndProjectSection
EndProject
Project("{FAE04EC0-301F-11D3-BF4B-00C04F79EFBC}") = "Sdk4me.Tests", "Sdk4me.Tests\Sdk4me.Tests.csproj", "{DB8DA871-81C0-40E2-9474-3413C41303BD}"
EndProject
Global
	GlobalSection(SolutionConfigurationPlatforms) = preSolution
		Debug|Any CPU = Debug|Any CPU
		Release|Any CPU = Release|Any CPU
	EndGlobalSection
	GlobalSection(ProjectConfigurationPlatforms) = postSolution
		{A9A346A2-899B-4997-A5F6-8D1DA96C3CB8}.Debug|Any CPU.ActiveCfg = Debug|Any CPU
		{A9A346A2-899B-4997-A5F6-8D1DA96C3CB8}.Debug|Any CPU.Build.0 = Debug|Any CPU
		{A9A346A2-899B-4997-A5F6-8D1DA96C3CB8}.Release|Any CPU.ActiveCfg = Release|Any CPU
		{A9A346A2-899B-4997-A5F6-8D1DA96C3CB8}.Release|Any CPU.Build.0 = Release|Any CPU
		{DB8DA871-81C0-40E2-9474-3413C41303BD}.Debug|Any CPU.ActiveCfg = Debug|Any CPU
		{DB8DA871-81C0-40E2-9474-3413C41303BD}.Debug|Any CPU.Build.0 = Debug|Any CPU
		{DB8DA871-81C0-40E2-9474-3413C41303BD}.Release|Any CPU.ActiveCfg = Release|Any CPU
		{DB8DA871-81C0-40E2-9474-3413C41303BD}.Release|Any CPU.Build.0 = Release|Any CPU
	EndGlobalSection
	GlobalSection(SolutionProperties) = preSolution
		HideSolutionNode = FALSE
	EndGlobalSection
	GlobalSection(ExtensibilityGlobals) = postSolution
		SolutionGuid = {0CC4D90C-58F5-4389-83F8-534ED5B9906F}
	EndGlobalSection
EndGlobal
